
Microsoft Visual Studio Solution File, Format Version 11.00
# Visual Studio 2010
Project("{8BC9CEB8-8B4A-11D0-8D11-00A0C91BC942}") = "TTT_CLR", "..\TTT_CLRSolution\TTT_CLR\TTT_CLR.vcxproj", "{A19DD513-56BB-4459-999F-EED2D524E85E}"
EndProject
Project("{8BC9CEB8-8B4A-11D0-8D11-00A0C91BC942}") = "TTT_Client", "..\TTT_ClientSolution\TTT_Client\TTT_Client.vcxproj", "{2A5E03B1-CF7C-48D9-BD45-34DA44C8E7DE}"
	ProjectSection(ProjectDependencies) = postProject
		{A19DD513-56BB-4459-999F-EED2D524E85E} = {A19DD513-56BB-4459-999F-EED2D524E85E}
	EndProjectSection
EndProject
Global
	GlobalSection(SolutionConfigurationPlatforms) = preSolution
		Debug|Win32 = Debug|Win32
		Release|Win32 = Release|Win32
	EndGlobalSection
	GlobalSection(ProjectConfigurationPlatforms) = postSolution
		{A19DD513-56BB-4459-999F-EED2D524E85E}.Debug|Win32.ActiveCfg = Debug|Win32
		{A19DD513-56BB-4459-999F-EED2D524E85E}.Debug|Win32.Build.0 = Debug|Win32
		{A19DD513-56BB-4459-999F-EED2D524E85E}.Release|Win32.ActiveCfg = Release|Win32
		{A19DD513-56BB-4459-999F-EED2D524E85E}.Release|Win32.Build.0 = Release|Win32
		{2A5E03B1-CF7C-48D9-BD45-34DA44C8E7DE}.Debug|Win32.ActiveCfg = Debug|Win32
		{2A5E03B1-CF7C-48D9-BD45-34DA44C8E7DE}.Debug|Win32.Build.0 = Debug|Win32
		{2A5E03B1-CF7C-48D9-BD45-34DA44C8E7DE}.Release|Win32.ActiveCfg = Release|Win32
		{2A5E03B1-CF7C-48D9-BD45-34DA44C8E7DE}.Release|Win32.Build.0 = Release|Win32
	EndGlobalSection
	GlobalSection(SolutionProperties) = preSolution
		HideSolutionNode = FALSE
	EndGlobalSection
EndGlobal
